
Microsoft Visual Studio Solution File, Format Version 12.00
# Visual Studio 15
VisualStudioVersion = 15.0.27703.2000
MinimumVisualStudioVersion = 10.0.40219.1
Project("{FAE04EC0-301F-11D3-BF4B-00C04F79EFBC}") = "XFButton.Android", "XFButton\XFButton.Android\XFButton.Android.csproj", "{E7C8D1CF-6826-42EC-A0F6-7FF42BB67CEF}"
EndProject
Project("{FAE04EC0-301F-11D3-BF4B-00C04F79EFBC}") = "XFButton.iOS", "XFButton\XFButton.iOS\XFButton.iOS.csproj", "{28C232CA-2A87-420B-9F01-120FE8C1F806}"
EndProject
Project("{FAE04EC0-301F-11D3-BF4B-00C04F79EFBC}") = "XFButton", "XFButton\XFButton\XFButton.csproj", "{2207CBBC-2036-45A7-81FC-0D23E0938DE8}"
EndProject
Global
	GlobalSection(SolutionConfigurationPlatforms) = preSolution
		Ad-Hoc|Any CPU = Ad-Hoc|Any CPU
		Ad-Hoc|iPhone = Ad-Hoc|iPhone
		Ad-Hoc|iPhoneSimulator = Ad-Hoc|iPhoneSimulator
		AppStore|Any CPU = AppStore|Any CPU
		AppStore|iPhone = AppStore|iPhone
		AppStore|iPhoneSimulator = AppStore|iPhoneSimulator
		Debug|Any CPU = Debug|Any CPU
		Debug|iPhone = Debug|iPhone
		Debug|iPhoneSimulator = Debug|iPhoneSimulator
		Release|Any CPU = Release|Any CPU
		Release|iPhone = Release|iPhone
		Release|iPhoneSimulator = Release|iPhoneSimulator
	EndGlobalSection
	GlobalSection(ProjectConfigurationPlatforms) = postSolution
		{E7C8D1CF-6826-42EC-A0F6-7FF42BB67CEF}.Ad-Hoc|Any CPU.ActiveCfg = Release|Any CPU
		{E7C8D1CF-6826-42EC-A0F6-7FF42BB67CEF}.Ad-Hoc|Any CPU.Build.0 = Release|Any CPU
		{E7C8D1CF-6826-42EC-A0F6-7FF42BB67CEF}.Ad-Hoc|Any CPU.Deploy.0 = Release|Any CPU
		{E7C8D1CF-6826-42EC-A0F6-7FF42BB67CEF}.Ad-Hoc|iPhone.ActiveCfg = Release|Any CPU
		{E7C8D1CF-6826-42EC-A0F6-7FF42BB67CEF}.Ad-Hoc|iPhone.Build.0 = Release|Any CPU
		{E7C8D1CF-6826-42EC-A0F6-7FF42BB67CEF}.Ad-Hoc|iPhone.Deploy.0 = Release|Any CPU
		{E7C8D1CF-6826-42EC-A0F6-7FF42BB67CEF}.Ad-Hoc|iPhoneSimulator.ActiveCfg = Release|Any CPU
		{E7C8D1CF-6826-42EC-A0F6-7FF42BB67CEF}.Ad-Hoc|iPhoneSimulator.Build.0 = Release|Any CPU
		{E7C8D1CF-6826-42EC-A0F6-7FF42BB67CEF}.Ad-Hoc|iPhoneSimulator.Deploy.0 = Release|Any CPU
		{E7C8D1CF-6826-42EC-A0F6-7FF42BB67CEF}.AppStore|Any CPU.ActiveCfg = Release|Any CPU
		{E7C8D1CF-6826-42EC-A0F6-7FF42BB67CEF}.AppStore|Any CPU.Build.0 = Release|Any CPU
		{E7C8D1CF-6826-42EC-A0F6-7FF42BB67CEF}.AppStore|Any CPU.Deploy.0 = Release|Any CPU
		{E7C8D1CF-6826-42EC-A0F6-7FF42BB67CEF}.AppStore|iPhone.ActiveCfg = Release|Any CPU
		{E7C8D1CF-6826-42EC-A0F6-7FF42BB67CEF}.AppStore|iPhone.Build.0 = Release|Any CPU
		{E7C8D1CF-6826-42EC-A0F6-7FF42BB67CEF}.AppStore|iPhone.Deploy.0 = Release|Any CPU
		{E7C8D1CF-6826-42EC-A0F6-7FF42BB67CEF}.AppStore|iPhoneSimulator.ActiveCfg = Release|Any CPU
		{E7C8D1CF-6826-42EC-A0F6-7FF42BB67CEF}.AppStore|iPhoneSimulator.Build.0 = Release|Any CPU
		{E7C8D1CF-6826-42EC-A0F6-7FF42BB67CEF}.AppStore|iPhoneSimulator.Deploy.0 = Release|Any CPU
		{E7C8D1CF-6826-42EC-A0F6-7FF42BB67CEF}.Debug|Any CPU.ActiveCfg = Debug|Any CPU
		{E7C8D1CF-6826-42EC-A0F6-7FF42BB67CEF}.Debug|Any CPU.Build.0 = Debug|Any CPU
		{E7C8D1CF-6826-42EC-A0F6-7FF42BB67CEF}.Debug|Any CPU.Deploy.0 = Debug|Any CPU
		{E7C8D1CF-6826-42EC-A0F6-7FF42BB67CEF}.Debug|iPhone.ActiveCfg = Debug|Any CPU
		{E7C8D1CF-6826-42EC-A0F6-7FF42BB67CEF}.Debug|iPhone.Build.0 = Debug|Any CPU
		{E7C8D1CF-6826-42EC-A0F6-7FF42BB67CEF}.Debug|iPhone.Deploy.0 = Debug|Any CPU
		{E7C8D1CF-6826-42EC-A0F6-7FF42BB67CEF}.Debug|iPhoneSimulator.ActiveCfg = Debug|Any CPU
		{E7C8D1CF-6826-42EC-A0F6-7FF42BB67CEF}.Debug|iPhoneSimulator.Build.0 = Debug|Any CPU
		{E7C8D1CF-6826-42EC-A0F6-7FF42BB67CEF}.Debug|iPhoneSimulator.Deploy.0 = Debug|Any CPU
		{E7C8D1CF-6826-42EC-A0F6-7FF42BB67CEF}.Release|Any CPU.ActiveCfg = Release|Any CPU
		{E7C8D1CF-6826-42EC-A0F6-7FF42BB67CEF}.Release|Any CPU.Build.0 = Release|Any CPU
		{E7C8D1CF-6826-42EC-A0F6-7FF42BB67CEF}.Release|Any CPU.Deploy.0 = Release|Any CPU
		{E7C8D1CF-6826-42EC-A0F6-7FF42BB67CEF}.Release|iPhone.ActiveCfg = Release|Any CPU
		{E7C8D1CF-6826-42EC-A0F6-7FF42BB67CEF}.Release|iPhone.Build.0 = Release|Any CPU
		{E7C8D1CF-6826-42EC-A0F6-7FF42BB67CEF}.Release|iPhone.Deploy.0 = Release|Any CPU
		{E7C8D1CF-6826-42EC-A0F6-7FF42BB67CEF}.Release|iPhoneSimulator.ActiveCfg = Release|Any CPU
		{E7C8D1CF-6826-42EC-A0F6-7FF42BB67CEF}.Release|iPhoneSimulator.Build.0 = Release|Any CPU
		{E7C8D1CF-6826-42EC-A0F6-7FF42BB67CEF}.Release|iPhoneSimulator.Deploy.0 = Release|Any CPU
		{28C232CA-2A87-420B-9F01-120FE8C1F806}.Ad-Hoc|Any CPU.ActiveCfg = Ad-Hoc|iPhone
		{28C232CA-2A87-420B-9F01-120FE8C1F806}.Ad-Hoc|Any CPU.Build.0 = Ad-Hoc|iPhone
		{28C232CA-2A87-420B-9F01-120FE8C1F806}.Ad-Hoc|Any CPU.Deploy.0 = Ad-Hoc|iPhone
		{28C232CA-2A87-420B-9F01-120FE8C1F806}.Ad-Hoc|iPhone.ActiveCfg = Ad-Hoc|iPhone
		{28C232CA-2A87-420B-9F01-120FE8C1F806}.Ad-Hoc|iPhone.Build.0 = Ad-Hoc|iPhone
		{28C232CA-2A87-420B-9F01-120FE8C1F806}.Ad-Hoc|iPhone.Deploy.0 = Ad-Hoc|iPhone
		{28C232CA-2A87-420B-9F01-120FE8C1F806}.Ad-Hoc|iPhoneSimulator.ActiveCfg = Ad-Hoc|iPhoneSimulator
		{28C232CA-2A87-420B-9F01-120FE8C1F806}.Ad-Hoc|iPhoneSimulator.Build.0 = Ad-Hoc|iPhoneSimulator
		{28C232CA-2A87-420B-9F01-120FE8C1F806}.Ad-Hoc|iPhoneSimulator.Deploy.0 = Ad-Hoc|iPhoneSimulator
		{28C232CA-2A87-420B-9F01-120FE8C1F806}.AppStore|Any CPU.ActiveCfg = AppStore|iPhone
		{28C232CA-2A87-420B-9F01-120FE8C1F806}.AppStore|Any CPU.Build.0 = AppStore|iPhone
		{28C232CA-2A87-420B-9F01-120FE8C1F806}.AppStore|Any CPU.Deploy.0 = AppStore|iPhone
		{28C232CA-2A87-420B-9F01-120FE8C1F806}.AppStore|iPhone.ActiveCfg = AppStore|iPhone
		{28C232CA-2A87-420B-9F01-120FE8C1F806}.AppStore|iPhone.Build.0 = AppStore|iPhone
		{28C232CA-2A87-420B-9F01-120FE8C1F806}.AppStore|iPhone.Deploy.0 = AppStore|iPhone
		{28C232CA-2A87-420B-9F01-120FE8C1F806}.AppStore|iPhoneSimulator.ActiveCfg = AppStore|iPhoneSimulator
		{28C232CA-2A87-420B-9F01-120FE8C1F806}.AppStore|iPhoneSimulator.Build.0 = AppStore|iPhoneSimulator
		{28C232CA-2A87-420B-9F01-120FE8C1F806}.AppStore|iPhoneSimulator.Deploy.0 = AppStore|iPhoneSimulator
		{28C232CA-2A87-420B-9F01-120FE8C1F806}.Debug|Any CPU.ActiveCfg = Debug|iPhoneSimulator
		{28C232CA-2A87-420B-9F01-120FE8C1F806}.Debug|Any CPU.Build.0 = Debug|iPhoneSimulator
		{28C232CA-2A87-420B-9F01-120FE8C1F806}.Debug|Any CPU.Deploy.0 = Debug|iPhoneSimulator
		{28C232CA-2A87-420B-9F01-120FE8C1F806}.Debug|iPhone.ActiveCfg = Debug|iPhone
		{28C232CA-2A87-420B-9F01-120FE8C1F806}.Debug|iPhone.Build.0 = Debug|iPhone
		{28C232CA-2A87-420B-9F01-120FE8C1F806}.Debug|iPhone.Deploy.0 = Debug|iPhone
		{28C232CA-2A87-420B-9F01-120FE8C1F806}.Debug|iPhoneSimulator.ActiveCfg = Debug|iPhoneSimulator
		{28C232CA-2A87-420B-9F01-120FE8C1F806}.Debug|iPhoneSimulator.Build.0 = Debug|iPhoneSimulator
		{28C232CA-2A87-420B-9F01-120FE8C1F806}.Debug|iPhoneSimulator.Deploy.0 = Debug|iPhoneSimulator
		{28C232CA-2A87-420B-9F01-120FE8C1F806}.Release|Any CPU.ActiveCfg = Release|iPhone
		{28C232CA-2A87-420B-9F01-120FE8C1F806}.Release|Any CPU.Build.0 = Release|iPhone
		{28C232CA-2A87-420B-9F01-120FE8C1F806}.Release|Any CPU.Deploy.0 = Release|iPhone
		{28C232CA-2A87-420B-9F01-120FE8C1F806}.Release|iPhone.ActiveCfg = Release|iPhone
		{28C232CA-2A87-420B-9F01-120FE8C1F806}.Release|iPhone.Build.0 = Release|iPhone
		{28C232CA-2A87-420B-9F01-120FE8C1F806}.Release|iPhone.Deploy.0 = Release|iPhone
		{28C232CA-2A87-420B-9F01-120FE8C1F806}.Release|iPhoneSimulator.ActiveCfg = Release|iPhoneSimulator
		{28C232CA-2A87-420B-9F01-120FE8C1F806}.Release|iPhoneSimulator.Build.0 = Release|iPhoneSimulator
		{28C232CA-2A87-420B-9F01-120FE8C1F806}.Release|iPhoneSimulator.Deploy.0 = Release|iPhoneSimulator
		{2207CBBC-2036-45A7-81FC-0D23E0938DE8}.Ad-Hoc|Any CPU.ActiveCfg = Debug|Any CPU
		{2207CBBC-2036-45A7-81FC-0D23E0938DE8}.Ad-Hoc|Any CPU.Build.0 = Debug|Any CPU
		{2207CBBC-2036-45A7-81FC-0D23E0938DE8}.Ad-Hoc|Any CPU.Deploy.0 = Debug|Any CPU
		{2207CBBC-2036-45A7-81FC-0D23E0938DE8}.Ad-Hoc|iPhone.ActiveCfg = Debug|Any CPU
		{2207CBBC-2036-45A7-81FC-0D23E0938DE8}.Ad-Hoc|iPhone.Build.0 = Debug|Any CPU
		{2207CBBC-2036-45A7-81FC-0D23E0938DE8}.Ad-Hoc|iPhone.Deploy.0 = Debug|Any CPU
		{2207CBBC-2036-45A7-81FC-0D23E0938DE8}.Ad-Hoc|iPhoneSimulator.ActiveCfg = Debug|Any CPU
		{2207CBBC-2036-45A7-81FC-0D23E0938DE8}.Ad-Hoc|iPhoneSimulator.Build.0 = Debug|Any CPU
		{2207CBBC-2036-45A7-81FC-0D23E0938DE8}.Ad-Hoc|iPhoneSimulator.Deploy.0 = Debug|Any CPU
		{2207CBBC-2036-45A7-81FC-0D23E0938DE8}.AppStore|Any CPU.ActiveCfg = Debug|Any CPU
		{2207CBBC-2036-45A7-81FC-0D23E0938DE8}.AppStore|Any CPU.Build.0 = Debug|Any CPU
		{2207CBBC-2036-45A7-81FC-0D23E0938DE8}.AppStore|Any CPU.Deploy.0 = Debug|Any CPU
		{2207CBBC-2036-45A7-81FC-0D23E0938DE8}.AppStore|iPhone.ActiveCfg = Debug|Any CPU
		{2207CBBC-2036-45A7-81FC-0D23E0938DE8}.AppStore|iPhone.Build.0 = Debug|Any CPU
		{2207CBBC-2036-45A7-81FC-0D23E0938DE8}.AppStore|iPhone.Deploy.0 = Debug|Any CPU
		{2207CBBC-2036-45A7-81FC-0D23E0938DE8}.AppStore|iPhoneSimulator.ActiveCfg = Debug|Any CPU
		{2207CBBC-2036-45A7-81FC-0D23E0938DE8}.AppStore|iPhoneSimulator.Build.0 = Debug|Any CPU
		{2207CBBC-2036-45A7-81FC-0D23E0938DE8}.AppStore|iPhoneSimulator.Deploy.0 = Debug|Any CPU
		{2207CBBC-2036-45A7-81FC-0D23E0938DE8}.Debug|Any CPU.ActiveCfg = Debug|Any CPU
		{2207CBBC-2036-45A7-81FC-0D23E0938DE8}.Debug|Any CPU.Build.0 = Debug|Any CPU
		{2207CBBC-2036-45A7-81FC-0D23E0938DE8}.Debug|Any CPU.Deploy.0 = Debug|Any CPU
		{2207CBBC-2036-45A7-81FC-0D23E0938DE8}.Debug|iPhone.ActiveCfg = Debug|Any CPU
		{2207CBBC-2036-45A7-81FC-0D23E0938DE8}.Debug|iPhone.Build.0 = Debug|Any CPU
		{2207CBBC-2036-45A7-81FC-0D23E0938DE8}.Debug|iPhone.Deploy.0 = Debug|Any CPU
		{2207CBBC-2036-45A7-81FC-0D23E0938DE8}.Debug|iPhoneSimulator.ActiveCfg = Debug|Any CPU
		{2207CBBC-2036-45A7-81FC-0D23E0938DE8}.Debug|iPhoneSimulator.Build.0 = Debug|Any CPU
		{2207CBBC-2036-45A7-81FC-0D23E0938DE8}.Debug|iPhoneSimulator.Deploy.0 = Debug|Any CPU
		{2207CBBC-2036-45A7-81FC-0D23E0938DE8}.Release|Any CPU.ActiveCfg = Release|Any CPU
		{2207CBBC-2036-45A7-81FC-0D23E0938DE8}.Release|Any CPU.Build.0 = Release|Any CPU
		{2207CBBC-2036-45A7-81FC-0D23E0938DE8}.Release|Any CPU.Deploy.0 = Release|Any CPU
		{2207CBBC-2036-45A7-81FC-0D23E0938DE8}.Release|iPhone.ActiveCfg = Release|Any CPU
		{2207CBBC-2036-45A7-81FC-0D23E0938DE8}.Release|iPhone.Build.0 = Release|Any CPU
		{2207CBBC-2036-45A7-81FC-0D23E0938DE8}.Release|iPhone.Deploy.0 = Release|Any CPU
		{2207CBBC-2036-45A7-81FC-0D23E0938DE8}.Release|iPhoneSimulator.ActiveCfg = Release|Any CPU
		{2207CBBC-2036-45A7-81FC-0D23E0938DE8}.Release|iPhoneSimulator.Build.0 = Release|Any CPU
		{2207CBBC-2036-45A7-81FC-0D23E0938DE8}.Release|iPhoneSimulator.Deploy.0 = Release|Any CPU
	EndGlobalSection
	GlobalSection(SolutionProperties) = preSolution
		HideSolutionNode = FALSE
	EndGlobalSection
	GlobalSection(ExtensibilityGlobals) = postSolution
		SolutionGuid = {489E6640-D1F8-401D-AE5A-6FC8DEA0A5E0}
	EndGlobalSection
EndGlobal
